
Microsoft Visual Studio Solution File, Format Version 12.00
# Visual Studio Version 16
VisualStudioVersion = 16.0.31624.102
MinimumVisualStudioVersion = 10.0.40219.1
Project("{FAE04EC0-301F-11D3-BF4B-00C04F79EFBC}") = "ApiCalculator", "ApiCalculator\ApiCalculator.csproj", "{90C34AB4-2834-4A0C-A522-150B8EB69772}"
EndProject
Project("{2150E333-8FDC-42A3-9474-1A3956D46DE8}") = "ViewModels", "ViewModels", "{C4A37296-88CD-41FE-9D99-EA453DFCEE55}"
EndProject
Project("{FAE04EC0-301F-11D3-BF4B-00C04F79EFBC}") = "CalculatorViewModel", "CalculatorViewModel\CalculatorViewModel.csproj", "{F6E07134-6EBD-438C-9D27-B714EA51AB01}"
EndProject
Global
	GlobalSection(SolutionConfigurationPlatforms) = preSolution
		Debug|Any CPU = Debug|Any CPU
		Release|Any CPU = Release|Any CPU
	EndGlobalSection
	GlobalSection(ProjectConfigurationPlatforms) = postSolution
		{90C34AB4-2834-4A0C-A522-150B8EB69772}.Debug|Any CPU.ActiveCfg = Debug|Any CPU
		{90C34AB4-2834-4A0C-A522-150B8EB69772}.Debug|Any CPU.Build.0 = Debug|Any CPU
		{90C34AB4-2834-4A0C-A522-150B8EB69772}.Release|Any CPU.ActiveCfg = Release|Any CPU
		{90C34AB4-2834-4A0C-A522-150B8EB69772}.Release|Any CPU.Build.0 = Release|Any CPU
		{F6E07134-6EBD-438C-9D27-B714EA51AB01}.Debug|Any CPU.ActiveCfg = Debug|Any CPU
		{F6E07134-6EBD-438C-9D27-B714EA51AB01}.Debug|Any CPU.Build.0 = Debug|Any CPU
		{F6E07134-6EBD-438C-9D27-B714EA51AB01}.Release|Any CPU.ActiveCfg = Release|Any CPU
		{F6E07134-6EBD-438C-9D27-B714EA51AB01}.Release|Any CPU.Build.0 = Release|Any CPU
	EndGlobalSection
	GlobalSection(SolutionProperties) = preSolution
		HideSolutionNode = FALSE
	EndGlobalSection
	GlobalSection(NestedProjects) = preSolution
		{F6E07134-6EBD-438C-9D27-B714EA51AB01} = {C4A37296-88CD-41FE-9D99-EA453DFCEE55}
	EndGlobalSection
	GlobalSection(ExtensibilityGlobals) = postSolution
		SolutionGuid = {66716A90-C147-436A-9841-A8DB0598DD57}
	EndGlobalSection
EndGlobal
